
Microsoft Visual Studio Solution File, Format Version 12.00
# Visual Studio Version 16
VisualStudioVersion = 16.0.29519.181
MinimumVisualStudioVersion = 10.0.40219.1
Project("{FAE04EC0-301F-11D3-BF4B-00C04F79EFBC}") = "MetodoTransporte", "MetodoTransporte.csproj", "{2B6BA9FA-B9A2-4405-B6BD-A9E7A57C8B0C}"
EndProject
Global
	GlobalSection(SolutionConfigurationPlatforms) = preSolution
		Debug|Any CPU = Debug|Any CPU
		Release|Any CPU = Release|Any CPU
	EndGlobalSection
	GlobalSection(ProjectConfigurationPlatforms) = postSolution
		{2B6BA9FA-B9A2-4405-B6BD-A9E7A57C8B0C}.Debug|Any CPU.ActiveCfg = Debug|Any CPU
		{2B6BA9FA-B9A2-4405-B6BD-A9E7A57C8B0C}.Debug|Any CPU.Build.0 = Debug|Any CPU
		{2B6BA9FA-B9A2-4405-B6BD-A9E7A57C8B0C}.Release|Any CPU.ActiveCfg = Release|Any CPU
		{2B6BA9FA-B9A2-4405-B6BD-A9E7A57C8B0C}.Release|Any CPU.Build.0 = Release|Any CPU
	EndGlobalSection
	GlobalSection(SolutionProperties) = preSolution
		HideSolutionNode = FALSE
	EndGlobalSection
	GlobalSection(ExtensibilityGlobals) = postSolution
		SolutionGuid = {36D6F3A2-769D-4EBE-BAE5-BE9DC00719B9}
	EndGlobalSection
EndGlobal
